
Microsoft Visual Studio Solution File, Format Version 12.00
# Visual Studio Version 17
VisualStudioVersion = 17.5.002.0
MinimumVisualStudioVersion = 10.0.40219.1
Project("{2150E333-8FDC-42A3-9474-1A3956D46DE8}") = "src", "src", "{C08ADD2E-2772-43B3-89C3-76AC941D97AC}"
EndProject
Project("{9A19103F-16F7-4668-BE54-9A1E7A4F7556}") = "P7-PSEngine", "src\P7-PSEngine\P7-PSEngine.csproj", "{9DEB3472-181B-47D4-8F80-20F7A5815B3C}"
EndProject
Global
	GlobalSection(SolutionConfigurationPlatforms) = preSolution
		Debug|Any CPU = Debug|Any CPU
		Release|Any CPU = Release|Any CPU
	EndGlobalSection
	GlobalSection(ProjectConfigurationPlatforms) = postSolution
		{9DEB3472-181B-47D4-8F80-20F7A5815B3C}.Debug|Any CPU.ActiveCfg = Debug|Any CPU
		{9DEB3472-181B-47D4-8F80-20F7A5815B3C}.Debug|Any CPU.Build.0 = Debug|Any CPU
		{9DEB3472-181B-47D4-8F80-20F7A5815B3C}.Release|Any CPU.ActiveCfg = Release|Any CPU
		{9DEB3472-181B-47D4-8F80-20F7A5815B3C}.Release|Any CPU.Build.0 = Release|Any CPU
	EndGlobalSection
	GlobalSection(SolutionProperties) = preSolution
		HideSolutionNode = FALSE
	EndGlobalSection
	GlobalSection(NestedProjects) = preSolution
		{9DEB3472-181B-47D4-8F80-20F7A5815B3C} = {C08ADD2E-2772-43B3-89C3-76AC941D97AC}
	EndGlobalSection
	GlobalSection(ExtensibilityGlobals) = postSolution
		SolutionGuid = {113D9CE9-98D9-42E1-A838-BE7F75B241E3}
	EndGlobalSection
EndGlobal
